
Microsoft Visual Studio Solution File, Format Version 12.00
# Visual Studio 15
VisualStudioVersion = 15.0.28010.2036
MinimumVisualStudioVersion = 10.0.40219.1
Project("{8BC9CEB8-8B4A-11D0-8D11-00A0C91BC942}") = "UVa 10815", "Liurujia\Liurujia.vcxproj", "{0CF16A09-D6BC-40C2-971B-5E9E2FE6E163}"
EndProject
Project("{8BC9CEB8-8B4A-11D0-8D11-00A0C91BC942}") = "UVa 156", "UVa 156\UVa 156.vcxproj", "{D108FDEB-C53A-4FF8-A43D-7BF8193B0CE7}"
EndProject
Project("{8BC9CEB8-8B4A-11D0-8D11-00A0C91BC942}") = "UVa 514", "UVa 514\UVa 514.vcxproj", "{9BDE2862-FC31-45FC-95B9-9275924FEE1A}"
EndProject
Project("{8BC9CEB8-8B4A-11D0-8D11-00A0C91BC942}") = "UVa 442", "UVa 442\UVa 442.vcxproj", "{BE8334D3-EF74-4654-A2C4-882B8D75C2B2}"
EndProject
Project("{8BC9CEB8-8B4A-11D0-8D11-00A0C91BC942}") = "UVa 11988", "UVa 11988\UVa 11988.vcxproj", "{B7EC379F-6D5B-41CC-94C7-CD1C20F5B5D9}"
EndProject
Project("{8BC9CEB8-8B4A-11D0-8D11-00A0C91BC942}") = "UVa 12657", "UVa 12657\UVa 12657.vcxproj", "{495DDF30-80F2-408C-A00D-B92B19661065}"
EndProject
Project("{8BC9CEB8-8B4A-11D0-8D11-00A0C91BC942}") = "P39 pjct 3-2", "pjct 3-2 turn light\pjct 3-2 turn light.vcxproj", "{F0FD9E1C-E579-4F53-9874-7B559ACE2951}"
EndProject
Project("{8BC9CEB8-8B4A-11D0-8D11-00A0C91BC942}") = "P40 pjct 3-3", "P40 pjct 3-3\P40 pjct 3-3.vcxproj", "{38813566-CA1B-4CA0-951E-DD8E326CCDBC}"
EndProject
Project("{8BC9CEB8-8B4A-11D0-8D11-00A0C91BC942}") = "P43 pjct 3-4", "P43 pjct 3-4\P43 pjct 3-4.vcxproj", "{07E8AD23-F4A6-4873-8ECD-7460AD0CE6D0}"
EndProject
Global
	GlobalSection(SolutionConfigurationPlatforms) = preSolution
		Debug|x64 = Debug|x64
		Debug|x86 = Debug|x86
		Release|x64 = Release|x64
		Release|x86 = Release|x86
	EndGlobalSection
	GlobalSection(ProjectConfigurationPlatforms) = postSolution
		{0CF16A09-D6BC-40C2-971B-5E9E2FE6E163}.Debug|x64.ActiveCfg = Debug|x64
		{0CF16A09-D6BC-40C2-971B-5E9E2FE6E163}.Debug|x64.Build.0 = Debug|x64
		{0CF16A09-D6BC-40C2-971B-5E9E2FE6E163}.Debug|x86.ActiveCfg = Debug|Win32
		{0CF16A09-D6BC-40C2-971B-5E9E2FE6E163}.Debug|x86.Build.0 = Debug|Win32
		{0CF16A09-D6BC-40C2-971B-5E9E2FE6E163}.Release|x64.ActiveCfg = Release|x64
		{0CF16A09-D6BC-40C2-971B-5E9E2FE6E163}.Release|x64.Build.0 = Release|x64
		{0CF16A09-D6BC-40C2-971B-5E9E2FE6E163}.Release|x86.ActiveCfg = Release|Win32
		{0CF16A09-D6BC-40C2-971B-5E9E2FE6E163}.Release|x86.Build.0 = Release|Win32
		{D108FDEB-C53A-4FF8-A43D-7BF8193B0CE7}.Debug|x64.ActiveCfg = Debug|x64
		{D108FDEB-C53A-4FF8-A43D-7BF8193B0CE7}.Debug|x64.Build.0 = Debug|x64
		{D108FDEB-C53A-4FF8-A43D-7BF8193B0CE7}.Debug|x86.ActiveCfg = Debug|Win32
		{D108FDEB-C53A-4FF8-A43D-7BF8193B0CE7}.Debug|x86.Build.0 = Debug|Win32
		{D108FDEB-C53A-4FF8-A43D-7BF8193B0CE7}.Release|x64.ActiveCfg = Release|x64
		{D108FDEB-C53A-4FF8-A43D-7BF8193B0CE7}.Release|x64.Build.0 = Release|x64
		{D108FDEB-C53A-4FF8-A43D-7BF8193B0CE7}.Release|x86.ActiveCfg = Release|Win32
		{D108FDEB-C53A-4FF8-A43D-7BF8193B0CE7}.Release|x86.Build.0 = Release|Win32
		{9BDE2862-FC31-45FC-95B9-9275924FEE1A}.Debug|x64.ActiveCfg = Debug|x64
		{9BDE2862-FC31-45FC-95B9-9275924FEE1A}.Debug|x64.Build.0 = Debug|x64
		{9BDE2862-FC31-45FC-95B9-9275924FEE1A}.Debug|x86.ActiveCfg = Debug|Win32
		{9BDE2862-FC31-45FC-95B9-9275924FEE1A}.Debug|x86.Build.0 = Debug|Win32
		{9BDE2862-FC31-45FC-95B9-9275924FEE1A}.Release|x64.ActiveCfg = Release|x64
		{9BDE2862-FC31-45FC-95B9-9275924FEE1A}.Release|x64.Build.0 = Release|x64
		{9BDE2862-FC31-45FC-95B9-9275924FEE1A}.Release|x86.ActiveCfg = Release|Win32
		{9BDE2862-FC31-45FC-95B9-9275924FEE1A}.Release|x86.Build.0 = Release|Win32
		{BE8334D3-EF74-4654-A2C4-882B8D75C2B2}.Debug|x64.ActiveCfg = Debug|x64
		{BE8334D3-EF74-4654-A2C4-882B8D75C2B2}.Debug|x64.Build.0 = Debug|x64
		{BE8334D3-EF74-4654-A2C4-882B8D75C2B2}.Debug|x86.ActiveCfg = Debug|Win32
		{BE8334D3-EF74-4654-A2C4-882B8D75C2B2}.Debug|x86.Build.0 = Debug|Win32
		{BE8334D3-EF74-4654-A2C4-882B8D75C2B2}.Release|x64.ActiveCfg = Release|x64
		{BE8334D3-EF74-4654-A2C4-882B8D75C2B2}.Release|x64.Build.0 = Release|x64
		{BE8334D3-EF74-4654-A2C4-882B8D75C2B2}.Release|x86.ActiveCfg = Release|Win32
		{BE8334D3-EF74-4654-A2C4-882B8D75C2B2}.Release|x86.Build.0 = Release|Win32
		{B7EC379F-6D5B-41CC-94C7-CD1C20F5B5D9}.Debug|x64.ActiveCfg = Debug|x64
		{B7EC379F-6D5B-41CC-94C7-CD1C20F5B5D9}.Debug|x64.Build.0 = Debug|x64
		{B7EC379F-6D5B-41CC-94C7-CD1C20F5B5D9}.Debug|x86.ActiveCfg = Debug|Win32
		{B7EC379F-6D5B-41CC-94C7-CD1C20F5B5D9}.Debug|x86.Build.0 = Debug|Win32
		{B7EC379F-6D5B-41CC-94C7-CD1C20F5B5D9}.Release|x64.ActiveCfg = Release|x64
		{B7EC379F-6D5B-41CC-94C7-CD1C20F5B5D9}.Release|x64.Build.0 = Release|x64
		{B7EC379F-6D5B-41CC-94C7-CD1C20F5B5D9}.Release|x86.ActiveCfg = Release|Win32
		{B7EC379F-6D5B-41CC-94C7-CD1C20F5B5D9}.Release|x86.Build.0 = Release|Win32
		{495DDF30-80F2-408C-A00D-B92B19661065}.Debug|x64.ActiveCfg = Debug|x64
		{495DDF30-80F2-408C-A00D-B92B19661065}.Debug|x64.Build.0 = Debug|x64
		{495DDF30-80F2-408C-A00D-B92B19661065}.Debug|x86.ActiveCfg = Debug|Win32
		{495DDF30-80F2-408C-A00D-B92B19661065}.Debug|x86.Build.0 = Debug|Win32
		{495DDF30-80F2-408C-A00D-B92B19661065}.Release|x64.ActiveCfg = Release|x64
		{495DDF30-80F2-408C-A00D-B92B19661065}.Release|x64.Build.0 = Release|x64
		{495DDF30-80F2-408C-A00D-B92B19661065}.Release|x86.ActiveCfg = Release|Win32
		{495DDF30-80F2-408C-A00D-B92B19661065}.Release|x86.Build.0 = Release|Win32
		{F0FD9E1C-E579-4F53-9874-7B559ACE2951}.Debug|x64.ActiveCfg = Debug|x64
		{F0FD9E1C-E579-4F53-9874-7B559ACE2951}.Debug|x64.Build.0 = Debug|x64
		{F0FD9E1C-E579-4F53-9874-7B559ACE2951}.Debug|x86.ActiveCfg = Debug|Win32
		{F0FD9E1C-E579-4F53-9874-7B559ACE2951}.Debug|x86.Build.0 = Debug|Win32
		{F0FD9E1C-E579-4F53-9874-7B559ACE2951}.Release|x64.ActiveCfg = Release|x64
		{F0FD9E1C-E579-4F53-9874-7B559ACE2951}.Release|x64.Build.0 = Release|x64
		{F0FD9E1C-E579-4F53-9874-7B559ACE2951}.Release|x86.ActiveCfg = Release|Win32
		{F0FD9E1C-E579-4F53-9874-7B559ACE2951}.Release|x86.Build.0 = Release|Win32
		{38813566-CA1B-4CA0-951E-DD8E326CCDBC}.Debug|x64.ActiveCfg = Debug|x64
		{38813566-CA1B-4CA0-951E-DD8E326CCDBC}.Debug|x64.Build.0 = Debug|x64
		{38813566-CA1B-4CA0-951E-DD8E326CCDBC}.Debug|x86.ActiveCfg = Debug|Win32
		{38813566-CA1B-4CA0-951E-DD8E326CCDBC}.Debug|x86.Build.0 = Debug|Win32
		{38813566-CA1B-4CA0-951E-DD8E326CCDBC}.Release|x64.ActiveCfg = Release|x64
		{38813566-CA1B-4CA0-951E-DD8E326CCDBC}.Release|x64.Build.0 = Release|x64
		{38813566-CA1B-4CA0-951E-DD8E326CCDBC}.Release|x86.ActiveCfg = Release|Win32
		{38813566-CA1B-4CA0-951E-DD8E326CCDBC}.Release|x86.Build.0 = Release|Win32
		{07E8AD23-F4A6-4873-8ECD-7460AD0CE6D0}.Debug|x64.ActiveCfg = Debug|x64
		{07E8AD23-F4A6-4873-8ECD-7460AD0CE6D0}.Debug|x64.Build.0 = Debug|x64
		{07E8AD23-F4A6-4873-8ECD-7460AD0CE6D0}.Debug|x86.ActiveCfg = Debug|Win32
		{07E8AD23-F4A6-4873-8ECD-7460AD0CE6D0}.Debug|x86.Build.0 = Debug|Win32
		{07E8AD23-F4A6-4873-8ECD-7460AD0CE6D0}.Release|x64.ActiveCfg = Release|x64
		{07E8AD23-F4A6-4873-8ECD-7460AD0CE6D0}.Release|x64.Build.0 = Release|x64
		{07E8AD23-F4A6-4873-8ECD-7460AD0CE6D0}.Release|x86.ActiveCfg = Release|Win32
		{07E8AD23-F4A6-4873-8ECD-7460AD0CE6D0}.Release|x86.Build.0 = Release|Win32
	EndGlobalSection
	GlobalSection(SolutionProperties) = preSolution
		HideSolutionNode = FALSE
	EndGlobalSection
	GlobalSection(ExtensibilityGlobals) = postSolution
		SolutionGuid = {4D9F664C-C00D-44B6-A0E5-2E3F0A73049B}
	EndGlobalSection
EndGlobal
