
Microsoft Visual Studio Solution File, Format Version 12.00
# Visual Studio 15
VisualStudioVersion = 15.0.28010.2036
MinimumVisualStudioVersion = 10.0.40219.1
Project("{8BC9CEB8-8B4A-11D0-8D11-00A0C91BC942}") = "UVa 10815", "Liurujia\Liurujia.vcxproj", "{0CF16A09-D6BC-40C2-971B-5E9E2FE6E163}"
EndProject
Project("{8BC9CEB8-8B4A-11D0-8D11-00A0C91BC942}") = "UVa 156", "UVa 156\UVa 156.vcxproj", "{D108FDEB-C53A-4FF8-A43D-7BF8193B0CE7}"
EndProject
Project("{8BC9CEB8-8B4A-11D0-8D11-00A0C91BC942}") = "UVa 514", "UVa 514\UVa 514.vcxproj", "{9BDE2862-FC31-45FC-95B9-9275924FEE1A}"
EndProject
Global
	GlobalSection(SolutionConfigurationPlatforms) = preSolution
		Debug|x64 = Debug|x64
		Debug|x86 = Debug|x86
		Release|x64 = Release|x64
		Release|x86 = Release|x86
	EndGlobalSection
	GlobalSection(ProjectConfigurationPlatforms) = postSolution
		{0CF16A09-D6BC-40C2-971B-5E9E2FE6E163}.Debug|x64.ActiveCfg = Debug|x64
		{0CF16A09-D6BC-40C2-971B-5E9E2FE6E163}.Debug|x64.Build.0 = Debug|x64
		{0CF16A09-D6BC-40C2-971B-5E9E2FE6E163}.Debug|x86.ActiveCfg = Debug|Win32
		{0CF16A09-D6BC-40C2-971B-5E9E2FE6E163}.Debug|x86.Build.0 = Debug|Win32
		{0CF16A09-D6BC-40C2-971B-5E9E2FE6E163}.Release|x64.ActiveCfg = Release|x64
		{0CF16A09-D6BC-40C2-971B-5E9E2FE6E163}.Release|x64.Build.0 = Release|x64
		{0CF16A09-D6BC-40C2-971B-5E9E2FE6E163}.Release|x86.ActiveCfg = Release|Win32
		{0CF16A09-D6BC-40C2-971B-5E9E2FE6E163}.Release|x86.Build.0 = Release|Win32
		{D108FDEB-C53A-4FF8-A43D-7BF8193B0CE7}.Debug|x64.ActiveCfg = Debug|x64
		{D108FDEB-C53A-4FF8-A43D-7BF8193B0CE7}.Debug|x64.Build.0 = Debug|x64
		{D108FDEB-C53A-4FF8-A43D-7BF8193B0CE7}.Debug|x86.ActiveCfg = Debug|Win32
		{D108FDEB-C53A-4FF8-A43D-7BF8193B0CE7}.Debug|x86.Build.0 = Debug|Win32
		{D108FDEB-C53A-4FF8-A43D-7BF8193B0CE7}.Release|x64.ActiveCfg = Release|x64
		{D108FDEB-C53A-4FF8-A43D-7BF8193B0CE7}.Release|x64.Build.0 = Release|x64
		{D108FDEB-C53A-4FF8-A43D-7BF8193B0CE7}.Release|x86.ActiveCfg = Release|Win32
		{D108FDEB-C53A-4FF8-A43D-7BF8193B0CE7}.Release|x86.Build.0 = Release|Win32
		{9BDE2862-FC31-45FC-95B9-9275924FEE1A}.Debug|x64.ActiveCfg = Debug|x64
		{9BDE2862-FC31-45FC-95B9-9275924FEE1A}.Debug|x64.Build.0 = Debug|x64
		{9BDE2862-FC31-45FC-95B9-9275924FEE1A}.Debug|x86.ActiveCfg = Debug|Win32
		{9BDE2862-FC31-45FC-95B9-9275924FEE1A}.Debug|x86.Build.0 = Debug|Win32
		{9BDE2862-FC31-45FC-95B9-9275924FEE1A}.Release|x64.ActiveCfg = Release|x64
		{9BDE2862-FC31-45FC-95B9-9275924FEE1A}.Release|x64.Build.0 = Release|x64
		{9BDE2862-FC31-45FC-95B9-9275924FEE1A}.Release|x86.ActiveCfg = Release|Win32
		{9BDE2862-FC31-45FC-95B9-9275924FEE1A}.Release|x86.Build.0 = Release|Win32
	EndGlobalSection
	GlobalSection(SolutionProperties) = preSolution
		HideSolutionNode = FALSE
	EndGlobalSection
	GlobalSection(ExtensibilityGlobals) = postSolution
		SolutionGuid = {4D9F664C-C00D-44B6-A0E5-2E3F0A73049B}
	EndGlobalSection
EndGlobal
